// !$*UTF8*$!
{
	archiveVersion = 1;
	classes = {
	};
	objectVersion = 56;
	objects = {

/* Begin PBXBuildFile section */
		466B56252C5D197B008A62A1 /* GFTitleLabel.swift in Sources */ = {isa = PBXBuildFile; fileRef = 466B56242C5D197B008A62A1 /* GFTitleLabel.swift */; };
		466B56272C5D1C44008A62A1 /* GFBodyLabel.swift in Sources */ = {isa = PBXBuildFile; fileRef = 466B56262C5D1C44008A62A1 /* GFBodyLabel.swift */; };
		466B56292C5D1D93008A62A1 /* GFAlertViewController.swift in Sources */ = {isa = PBXBuildFile; fileRef = 466B56282C5D1D93008A62A1 /* GFAlertViewController.swift */; };
		466B562B2C5D26E9008A62A1 /* UIViewController+Extension.swift in Sources */ = {isa = PBXBuildFile; fileRef = 466B562A2C5D26E9008A62A1 /* UIViewController+Extension.swift */; };
		466B56352C5E3F2E008A62A1 /* Follower.swift in Sources */ = {isa = PBXBuildFile; fileRef = 466B56342C5E3F2E008A62A1 /* Follower.swift */; };
		466B56372C5E499D008A62A1 /* User.swift in Sources */ = {isa = PBXBuildFile; fileRef = 466B56362C5E499D008A62A1 /* User.swift */; };
		46749F572C6478B500A8A4BD /* UIHelper.swift in Sources */ = {isa = PBXBuildFile; fileRef = 46749F562C6478B500A8A4BD /* UIHelper.swift */; };
		46749F852C671AE100A8A4BD /* GFEmptyStateView.swift in Sources */ = {isa = PBXBuildFile; fileRef = 46749F842C671AE100A8A4BD /* GFEmptyStateView.swift */; };
		46749F8D2C687A8100A8A4BD /* UserInfoViewController.swift in Sources */ = {isa = PBXBuildFile; fileRef = 46749F8C2C687A8100A8A4BD /* UserInfoViewController.swift */; };
		46AA92612C60A609003F9CEB /* NetworkManager.swift in Sources */ = {isa = PBXBuildFile; fileRef = 46AA92602C60A609003F9CEB /* NetworkManager.swift */; };
		46AA926A2C620382003F9CEB /* GFError.swift in Sources */ = {isa = PBXBuildFile; fileRef = 46AA92692C620382003F9CEB /* GFError.swift */; };
		46AA926D2C622765003F9CEB /* FollowerCell.swift in Sources */ = {isa = PBXBuildFile; fileRef = 46AA926C2C622765003F9CEB /* FollowerCell.swift */; };
		46AA926F2C622808003F9CEB /* GFAvatarImageView.swift in Sources */ = {isa = PBXBuildFile; fileRef = 46AA926E2C622808003F9CEB /* GFAvatarImageView.swift */; };
		46B804D12C57ADB00091020E /* SceneDelegate.swift in Sources */ = {isa = PBXBuildFile; fileRef = 46B804D02C57ADB00091020E /* SceneDelegate.swift */; };
		46B804D82C57ADB10091020E /* Assets.xcassets in Resources */ = {isa = PBXBuildFile; fileRef = 46B804D72C57ADB10091020E /* Assets.xcassets */; };
		46B804E32C57D1E30091020E /* SearchViewController.swift in Sources */ = {isa = PBXBuildFile; fileRef = 46B804E22C57D1E30091020E /* SearchViewController.swift */; };
		46B804E52C57D21F0091020E /* FavouritesListViewController.swift in Sources */ = {isa = PBXBuildFile; fileRef = 46B804E42C57D21F0091020E /* FavouritesListViewController.swift */; };
		46B804E72C57D4D30091020E /* AppDelegate.swift in Sources */ = {isa = PBXBuildFile; fileRef = 46B804E62C57D4D30091020E /* AppDelegate.swift */; };
		46B804EB2C58F4BF0091020E /* GFButton.swift in Sources */ = {isa = PBXBuildFile; fileRef = 46B804EA2C58F4BF0091020E /* GFButton.swift */; };
		46B804ED2C58FBDA0091020E /* GFTextField.swift in Sources */ = {isa = PBXBuildFile; fileRef = 46B804EC2C58FBDA0091020E /* GFTextField.swift */; };
		46B804F12C5BE1BD0091020E /* FollowerListViewController.swift in Sources */ = {isa = PBXBuildFile; fileRef = 46B804F02C5BE1BD0091020E /* FollowerListViewController.swift */; };
/* End PBXBuildFile section */

/* Begin PBXFileReference section */
		466B56242C5D197B008A62A1 /* GFTitleLabel.swift */ = {isa = PBXFileReference; lastKnownFileType = sourcecode.swift; path = GFTitleLabel.swift; sourceTree = "<group>"; };
		466B56262C5D1C44008A62A1 /* GFBodyLabel.swift */ = {isa = PBXFileReference; lastKnownFileType = sourcecode.swift; path = GFBodyLabel.swift; sourceTree = "<group>"; };
		466B56282C5D1D93008A62A1 /* GFAlertViewController.swift */ = {isa = PBXFileReference; lastKnownFileType = sourcecode.swift; path = GFAlertViewController.swift; sourceTree = "<group>"; };
		466B562A2C5D26E9008A62A1 /* UIViewController+Extension.swift */ = {isa = PBXFileReference; lastKnownFileType = sourcecode.swift; path = "UIViewController+Extension.swift"; sourceTree = "<group>"; };
		466B56342C5E3F2E008A62A1 /* Follower.swift */ = {isa = PBXFileReference; lastKnownFileType = sourcecode.swift; path = Follower.swift; sourceTree = "<group>"; };
		466B56362C5E499D008A62A1 /* User.swift */ = {isa = PBXFileReference; lastKnownFileType = sourcecode.swift; path = User.swift; sourceTree = "<group>"; };
		46749F562C6478B500A8A4BD /* UIHelper.swift */ = {isa = PBXFileReference; lastKnownFileType = sourcecode.swift; path = UIHelper.swift; sourceTree = "<group>"; };
		46749F842C671AE100A8A4BD /* GFEmptyStateView.swift */ = {isa = PBXFileReference; lastKnownFileType = sourcecode.swift; path = GFEmptyStateView.swift; sourceTree = "<group>"; };
		46749F8C2C687A8100A8A4BD /* UserInfoViewController.swift */ = {isa = PBXFileReference; lastKnownFileType = sourcecode.swift; path = UserInfoViewController.swift; sourceTree = "<group>"; };
		469A69C62C5E69520017E763 /* Info.plist */ = {isa = PBXFileReference; lastKnownFileType = text.plist.xml; path = Info.plist; sourceTree = "<group>"; };
		46AA92602C60A609003F9CEB /* NetworkManager.swift */ = {isa = PBXFileReference; lastKnownFileType = sourcecode.swift; path = NetworkManager.swift; sourceTree = "<group>"; };
		46AA92692C620382003F9CEB /* GFError.swift */ = {isa = PBXFileReference; lastKnownFileType = sourcecode.swift; path = GFError.swift; sourceTree = "<group>"; };
		46AA926C2C622765003F9CEB /* FollowerCell.swift */ = {isa = PBXFileReference; lastKnownFileType = sourcecode.swift; path = FollowerCell.swift; sourceTree = "<group>"; };
		46AA926E2C622808003F9CEB /* GFAvatarImageView.swift */ = {isa = PBXFileReference; lastKnownFileType = sourcecode.swift; path = GFAvatarImageView.swift; sourceTree = "<group>"; };
		46B804CB2C57ADB00091020E /* TakeHomeProjectUIKit.app */ = {isa = PBXFileReference; explicitFileType = wrapper.application; includeInIndex = 0; path = TakeHomeProjectUIKit.app; sourceTree = BUILT_PRODUCTS_DIR; };
		46B804D02C57ADB00091020E /* SceneDelegate.swift */ = {isa = PBXFileReference; lastKnownFileType = sourcecode.swift; path = SceneDelegate.swift; sourceTree = "<group>"; };
		46B804D72C57ADB10091020E /* Assets.xcassets */ = {isa = PBXFileReference; lastKnownFileType = folder.assetcatalog; path = Assets.xcassets; sourceTree = "<group>"; };
		46B804E22C57D1E30091020E /* SearchViewController.swift */ = {isa = PBXFileReference; lastKnownFileType = sourcecode.swift; path = SearchViewController.swift; sourceTree = "<group>"; };
		46B804E42C57D21F0091020E /* FavouritesListViewController.swift */ = {isa = PBXFileReference; lastKnownFileType = sourcecode.swift; path = FavouritesListViewController.swift; sourceTree = "<group>"; };
		46B804E62C57D4D30091020E /* AppDelegate.swift */ = {isa = PBXFileReference; lastKnownFileType = sourcecode.swift; path = AppDelegate.swift; sourceTree = "<group>"; };
		46B804EA2C58F4BF0091020E /* GFButton.swift */ = {isa = PBXFileReference; lastKnownFileType = sourcecode.swift; path = GFButton.swift; sourceTree = "<group>"; };
		46B804EC2C58FBDA0091020E /* GFTextField.swift */ = {isa = PBXFileReference; lastKnownFileType = sourcecode.swift; path = GFTextField.swift; sourceTree = "<group>"; };
		46B804F02C5BE1BD0091020E /* FollowerListViewController.swift */ = {isa = PBXFileReference; lastKnownFileType = sourcecode.swift; path = FollowerListViewController.swift; sourceTree = "<group>"; };
/* End PBXFileReference section */

/* Begin PBXFrameworksBuildPhase section */
		46B804C82C57ADB00091020E /* Frameworks */ = {
			isa = PBXFrameworksBuildPhase;
			buildActionMask = 2147483647;
			files = (
			);
			runOnlyForDeploymentPostprocessing = 0;
		};
/* End PBXFrameworksBuildPhase section */

/* Begin PBXGroup section */
		466B562F2C5E3A49008A62A1 /* Screens */ = {
			isa = PBXGroup;
			children = (
				46B804E22C57D1E30091020E /* SearchViewController.swift */,
				46B804E42C57D21F0091020E /* FavouritesListViewController.swift */,
				46B804F02C5BE1BD0091020E /* FollowerListViewController.swift */,
				46749F8C2C687A8100A8A4BD /* UserInfoViewController.swift */,
			);
			path = Screens;
			sourceTree = "<group>";
		};
		466B56302C5E3A7B008A62A1 /* Custom Views */ = {
			isa = PBXGroup;
			children = (
				46749F832C671A6100A8A4BD /* ViewControllers */,
				46749F822C671A5100A8A4BD /* Views */,
				46749F812C671A4800A8A4BD /* Buttons */,
				46749F802C671A3F00A8A4BD /* TextFields */,
				46749F7F2C671A3300A8A4BD /* ImageViews */,
				46749F7E2C671A2800A8A4BD /* Labels */,
				46AA926B2C622749003F9CEB /* Cells */,
			);
			path = "Custom Views";
			sourceTree = "<group>";
		};
		466B56312C5E3AE1008A62A1 /* Extensions */ = {
			isa = PBXGroup;
			children = (
				466B562A2C5D26E9008A62A1 /* UIViewController+Extension.swift */,
			);
			path = Extensions;
			sourceTree = "<group>";
		};
		466B56322C5E3B57008A62A1 /* Support */ = {
			isa = PBXGroup;
			children = (
				46B804D02C57ADB00091020E /* SceneDelegate.swift */,
				46B804E62C57D4D30091020E /* AppDelegate.swift */,
			);
			path = Support;
			sourceTree = "<group>";
		};
		466B56332C5E3F23008A62A1 /* Model */ = {
			isa = PBXGroup;
			children = (
				466B56342C5E3F2E008A62A1 /* Follower.swift */,
				466B56362C5E499D008A62A1 /* User.swift */,
			);
			path = Model;
			sourceTree = "<group>";
		};
		46749F7E2C671A2800A8A4BD /* Labels */ = {
			isa = PBXGroup;
			children = (
				466B56242C5D197B008A62A1 /* GFTitleLabel.swift */,
				466B56262C5D1C44008A62A1 /* GFBodyLabel.swift */,
			);
			path = Labels;
			sourceTree = "<group>";
		};
		46749F7F2C671A3300A8A4BD /* ImageViews */ = {
			isa = PBXGroup;
			children = (
				46AA926E2C622808003F9CEB /* GFAvatarImageView.swift */,
			);
			path = ImageViews;
			sourceTree = "<group>";
		};
		46749F802C671A3F00A8A4BD /* TextFields */ = {
			isa = PBXGroup;
			children = (
				46B804EC2C58FBDA0091020E /* GFTextField.swift */,
			);
			path = TextFields;
			sourceTree = "<group>";
		};
		46749F812C671A4800A8A4BD /* Buttons */ = {
			isa = PBXGroup;
			children = (
				46B804EA2C58F4BF0091020E /* GFButton.swift */,
			);
			path = Buttons;
			sourceTree = "<group>";
		};
		46749F822C671A5100A8A4BD /* Views */ = {
			isa = PBXGroup;
			children = (
				46749F842C671AE100A8A4BD /* GFEmptyStateView.swift */,
			);
			path = Views;
			sourceTree = "<group>";
		};
		46749F832C671A6100A8A4BD /* ViewControllers */ = {
			isa = PBXGroup;
			children = (
				466B56282C5D1D93008A62A1 /* GFAlertViewController.swift */,
			);
			path = ViewControllers;
			sourceTree = "<group>";
		};
		46AA925F2C60A5EA003F9CEB /* Managers */ = {
			isa = PBXGroup;
			children = (
				46AA92602C60A609003F9CEB /* NetworkManager.swift */,
			);
			path = Managers;
			sourceTree = "<group>";
		};
		46AA92682C620368003F9CEB /* Utils */ = {
			isa = PBXGroup;
			children = (
				46AA92692C620382003F9CEB /* GFError.swift */,
				46749F562C6478B500A8A4BD /* UIHelper.swift */,
			);
			path = Utils;
			sourceTree = "<group>";
		};
		46AA926B2C622749003F9CEB /* Cells */ = {
			isa = PBXGroup;
			children = (
				46AA926C2C622765003F9CEB /* FollowerCell.swift */,
			);
			path = Cells;
			sourceTree = "<group>";
		};
		46B804C22C57ADB00091020E = {
			isa = PBXGroup;
			children = (
				46B804CD2C57ADB00091020E /* TakeHomeProjectUIKit */,
				46B804CC2C57ADB00091020E /* Products */,
			);
			sourceTree = "<group>";
		};
		46B804CC2C57ADB00091020E /* Products */ = {
			isa = PBXGroup;
			children = (
				46B804CB2C57ADB00091020E /* TakeHomeProjectUIKit.app */,
			);
			name = Products;
			sourceTree = "<group>";
		};
		46B804CD2C57ADB00091020E /* TakeHomeProjectUIKit */ = {
			isa = PBXGroup;
			children = (
				46AA925F2C60A5EA003F9CEB /* Managers */,
				466B56332C5E3F23008A62A1 /* Model */,
				466B56312C5E3AE1008A62A1 /* Extensions */,
				466B56302C5E3A7B008A62A1 /* Custom Views */,
				466B562F2C5E3A49008A62A1 /* Screens */,
				466B56322C5E3B57008A62A1 /* Support */,
				46AA92682C620368003F9CEB /* Utils */,
				46B804D72C57ADB10091020E /* Assets.xcassets */,
				469A69C62C5E69520017E763 /* Info.plist */,
			);
			path = TakeHomeProjectUIKit;
			sourceTree = "<group>";
		};
/* End PBXGroup section */

/* Begin PBXNativeTarget section */
		46B804CA2C57ADB00091020E /* TakeHomeProjectUIKit */ = {
			isa = PBXNativeTarget;
			buildConfigurationList = 46B804DF2C57ADB10091020E /* Build configuration list for PBXNativeTarget "TakeHomeProjectUIKit" */;
			buildPhases = (
				46B804C72C57ADB00091020E /* Sources */,
				46B804C82C57ADB00091020E /* Frameworks */,
				46B804C92C57ADB00091020E /* Resources */,
			);
			buildRules = (
			);
			dependencies = (
			);
			name = TakeHomeProjectUIKit;
			productName = TakeHomeProjectUIKit;
			productReference = 46B804CB2C57ADB00091020E /* TakeHomeProjectUIKit.app */;
			productType = "com.apple.product-type.application";
		};
/* End PBXNativeTarget section */

/* Begin PBXProject section */
		46B804C32C57ADB00091020E /* Project object */ = {
			isa = PBXProject;
			attributes = {
				BuildIndependentTargetsInParallel = 1;
				LastSwiftUpdateCheck = 1540;
				LastUpgradeCheck = 1540;
				TargetAttributes = {
					46B804CA2C57ADB00091020E = {
						CreatedOnToolsVersion = 15.4;
					};
				};
			};
			buildConfigurationList = 46B804C62C57ADB00091020E /* Build configuration list for PBXProject "TakeHomeProjectUIKit" */;
			compatibilityVersion = "Xcode 14.0";
			developmentRegion = en;
			hasScannedForEncodings = 0;
			knownRegions = (
				en,
				Base,
			);
			mainGroup = 46B804C22C57ADB00091020E;
			productRefGroup = 46B804CC2C57ADB00091020E /* Products */;
			projectDirPath = "";
			projectRoot = "";
			targets = (
				46B804CA2C57ADB00091020E /* TakeHomeProjectUIKit */,
			);
		};
/* End PBXProject section */

/* Begin PBXResourcesBuildPhase section */
		46B804C92C57ADB00091020E /* Resources */ = {
			isa = PBXResourcesBuildPhase;
			buildActionMask = 2147483647;
			files = (
				46B804D82C57ADB10091020E /* Assets.xcassets in Resources */,
			);
			runOnlyForDeploymentPostprocessing = 0;
		};
/* End PBXResourcesBuildPhase section */

/* Begin PBXSourcesBuildPhase section */
		46B804C72C57ADB00091020E /* Sources */ = {
			isa = PBXSourcesBuildPhase;
			buildActionMask = 2147483647;
			files = (
				466B56372C5E499D008A62A1 /* User.swift in Sources */,
				466B56292C5D1D93008A62A1 /* GFAlertViewController.swift in Sources */,
				466B562B2C5D26E9008A62A1 /* UIViewController+Extension.swift in Sources */,
				46B804ED2C58FBDA0091020E /* GFTextField.swift in Sources */,
				46B804EB2C58F4BF0091020E /* GFButton.swift in Sources */,
				46749F572C6478B500A8A4BD /* UIHelper.swift in Sources */,
				46AA926F2C622808003F9CEB /* GFAvatarImageView.swift in Sources */,
				46B804E72C57D4D30091020E /* AppDelegate.swift in Sources */,
				46B804F12C5BE1BD0091020E /* FollowerListViewController.swift in Sources */,
				46AA926D2C622765003F9CEB /* FollowerCell.swift in Sources */,
				46AA926A2C620382003F9CEB /* GFError.swift in Sources */,
				466B56272C5D1C44008A62A1 /* GFBodyLabel.swift in Sources */,
				466B56352C5E3F2E008A62A1 /* Follower.swift in Sources */,
				466B56252C5D197B008A62A1 /* GFTitleLabel.swift in Sources */,
				46749F852C671AE100A8A4BD /* GFEmptyStateView.swift in Sources */,
				46AA92612C60A609003F9CEB /* NetworkManager.swift in Sources */,
				46B804E52C57D21F0091020E /* FavouritesListViewController.swift in Sources */,
				46749F8D2C687A8100A8A4BD /* UserInfoViewController.swift in Sources */,
				46B804E32C57D1E30091020E /* SearchViewController.swift in Sources */,
				46B804D12C57ADB00091020E /* SceneDelegate.swift in Sources */,
			);
			runOnlyForDeploymentPostprocessing = 0;
		};
/* End PBXSourcesBuildPhase section */

/* Begin XCBuildConfiguration section */
		46B804DD2C57ADB10091020E /* Debug */ = {
			isa = XCBuildConfiguration;
			buildSettings = {
				ALWAYS_SEARCH_USER_PATHS = NO;
				ASSETCATALOG_COMPILER_GENERATE_SWIFT_ASSET_SYMBOL_EXTENSIONS = YES;
				CLANG_ANALYZER_NONNULL = YES;
				CLANG_ANALYZER_NUMBER_OBJECT_CONVERSION = YES_AGGRESSIVE;
				CLANG_CXX_LANGUAGE_STANDARD = "gnu++20";
				CLANG_ENABLE_MODULES = YES;
				CLANG_ENABLE_OBJC_ARC = YES;
				CLANG_ENABLE_OBJC_WEAK = YES;
				CLANG_WARN_BLOCK_CAPTURE_AUTORELEASING = YES;
				CLANG_WARN_BOOL_CONVERSION = YES;
				CLANG_WARN_COMMA = YES;
				CLANG_WARN_CONSTANT_CONVERSION = YES;
				CLANG_WARN_DEPRECATED_OBJC_IMPLEMENTATIONS = YES;
				CLANG_WARN_DIRECT_OBJC_ISA_USAGE = YES_ERROR;
				CLANG_WARN_DOCUMENTATION_COMMENTS = YES;
				CLANG_WARN_EMPTY_BODY = YES;
				CLANG_WARN_ENUM_CONVERSION = YES;
				CLANG_WARN_INFINITE_RECURSION = YES;
				CLANG_WARN_INT_CONVERSION = YES;
				CLANG_WARN_NON_LITERAL_NULL_CONVERSION = YES;
				CLANG_WARN_OBJC_IMPLICIT_RETAIN_SELF = YES;
				CLANG_WARN_OBJC_LITERAL_CONVERSION = YES;
				CLANG_WARN_OBJC_ROOT_CLASS = YES_ERROR;
				CLANG_WARN_QUOTED_INCLUDE_IN_FRAMEWORK_HEADER = YES;
				CLANG_WARN_RANGE_LOOP_ANALYSIS = YES;
				CLANG_WARN_STRICT_PROTOTYPES = YES;
				CLANG_WARN_SUSPICIOUS_MOVE = YES;
				CLANG_WARN_UNGUARDED_AVAILABILITY = YES_AGGRESSIVE;
				CLANG_WARN_UNREACHABLE_CODE = YES;
				CLANG_WARN__DUPLICATE_METHOD_MATCH = YES;
				COPY_PHASE_STRIP = NO;
				DEBUG_INFORMATION_FORMAT = dwarf;
				ENABLE_STRICT_OBJC_MSGSEND = YES;
				ENABLE_TESTABILITY = YES;
				ENABLE_USER_SCRIPT_SANDBOXING = YES;
				GCC_C_LANGUAGE_STANDARD = gnu17;
				GCC_DYNAMIC_NO_PIC = NO;
				GCC_NO_COMMON_BLOCKS = YES;
				GCC_OPTIMIZATION_LEVEL = 0;
				GCC_PREPROCESSOR_DEFINITIONS = (
					"DEBUG=1",
					"$(inherited)",
				);
				GCC_WARN_64_TO_32_BIT_CONVERSION = YES;
				GCC_WARN_ABOUT_RETURN_TYPE = YES_ERROR;
				GCC_WARN_UNDECLARED_SELECTOR = YES;
				GCC_WARN_UNINITIALIZED_AUTOS = YES_AGGRESSIVE;
				GCC_WARN_UNUSED_FUNCTION = YES;
				GCC_WARN_UNUSED_VARIABLE = YES;
				IPHONEOS_DEPLOYMENT_TARGET = 17.5;
				LOCALIZATION_PREFERS_STRING_CATALOGS = YES;
				MTL_ENABLE_DEBUG_INFO = INCLUDE_SOURCE;
				MTL_FAST_MATH = YES;
				ONLY_ACTIVE_ARCH = YES;
				SDKROOT = iphoneos;
				SWIFT_ACTIVE_COMPILATION_CONDITIONS = "DEBUG $(inherited)";
				SWIFT_OPTIMIZATION_LEVEL = "-Onone";
			};
			name = Debug;
		};
		46B804DE2C57ADB10091020E /* Release */ = {
			isa = XCBuildConfiguration;
			buildSettings = {
				ALWAYS_SEARCH_USER_PATHS = NO;
				ASSETCATALOG_COMPILER_GENERATE_SWIFT_ASSET_SYMBOL_EXTENSIONS = YES;
				CLANG_ANALYZER_NONNULL = YES;
				CLANG_ANALYZER_NUMBER_OBJECT_CONVERSION = YES_AGGRESSIVE;
				CLANG_CXX_LANGUAGE_STANDARD = "gnu++20";
				CLANG_ENABLE_MODULES = YES;
				CLANG_ENABLE_OBJC_ARC = YES;
				CLANG_ENABLE_OBJC_WEAK = YES;
				CLANG_WARN_BLOCK_CAPTURE_AUTORELEASING = YES;
				CLANG_WARN_BOOL_CONVERSION = YES;
				CLANG_WARN_COMMA = YES;
				CLANG_WARN_CONSTANT_CONVERSION = YES;
				CLANG_WARN_DEPRECATED_OBJC_IMPLEMENTATIONS = YES;
				CLANG_WARN_DIRECT_OBJC_ISA_USAGE = YES_ERROR;
				CLANG_WARN_DOCUMENTATION_COMMENTS = YES;
				CLANG_WARN_EMPTY_BODY = YES;
				CLANG_WARN_ENUM_CONVERSION = YES;
				CLANG_WARN_INFINITE_RECURSION = YES;
				CLANG_WARN_INT_CONVERSION = YES;
				CLANG_WARN_NON_LITERAL_NULL_CONVERSION = YES;
				CLANG_WARN_OBJC_IMPLICIT_RETAIN_SELF = YES;
				CLANG_WARN_OBJC_LITERAL_CONVERSION = YES;
				CLANG_WARN_OBJC_ROOT_CLASS = YES_ERROR;
				CLANG_WARN_QUOTED_INCLUDE_IN_FRAMEWORK_HEADER = YES;
				CLANG_WARN_RANGE_LOOP_ANALYSIS = YES;
				CLANG_WARN_STRICT_PROTOTYPES = YES;
				CLANG_WARN_SUSPICIOUS_MOVE = YES;
				CLANG_WARN_UNGUARDED_AVAILABILITY = YES_AGGRESSIVE;
				CLANG_WARN_UNREACHABLE_CODE = YES;
				CLANG_WARN__DUPLICATE_METHOD_MATCH = YES;
				COPY_PHASE_STRIP = NO;
				DEBUG_INFORMATION_FORMAT = "dwarf-with-dsym";
				ENABLE_NS_ASSERTIONS = NO;
				ENABLE_STRICT_OBJC_MSGSEND = YES;
				ENABLE_USER_SCRIPT_SANDBOXING = YES;
				GCC_C_LANGUAGE_STANDARD = gnu17;
				GCC_NO_COMMON_BLOCKS = YES;
				GCC_WARN_64_TO_32_BIT_CONVERSION = YES;
				GCC_WARN_ABOUT_RETURN_TYPE = YES_ERROR;
				GCC_WARN_UNDECLARED_SELECTOR = YES;
				GCC_WARN_UNINITIALIZED_AUTOS = YES_AGGRESSIVE;
				GCC_WARN_UNUSED_FUNCTION = YES;
				GCC_WARN_UNUSED_VARIABLE = YES;
				IPHONEOS_DEPLOYMENT_TARGET = 17.5;
				LOCALIZATION_PREFERS_STRING_CATALOGS = YES;
				MTL_ENABLE_DEBUG_INFO = NO;
				MTL_FAST_MATH = YES;
				SDKROOT = iphoneos;
				SWIFT_COMPILATION_MODE = wholemodule;
				VALIDATE_PRODUCT = YES;
			};
			name = Release;
		};
		46B804E02C57ADB10091020E /* Debug */ = {
			isa = XCBuildConfiguration;
			buildSettings = {
				ASSETCATALOG_COMPILER_APPICON_NAME = AppIcon;
				ASSETCATALOG_COMPILER_GLOBAL_ACCENT_COLOR_NAME = AccentColor;
				CODE_SIGN_STYLE = Automatic;
				CURRENT_PROJECT_VERSION = 1;
				GENERATE_INFOPLIST_FILE = YES;
				INFOPLIST_FILE = TakeHomeProjectUIKit/Info.plist;
				INFOPLIST_KEY_UIApplicationSupportsIndirectInputEvents = YES;
				INFOPLIST_KEY_UILaunchStoryboardName = LaunchScreen;
				INFOPLIST_KEY_UISupportedInterfaceOrientations = "UIInterfaceOrientationLandscapeLeft UIInterfaceOrientationLandscapeRight UIInterfaceOrientationPortrait";
				INFOPLIST_KEY_UISupportedInterfaceOrientations_iPad = "UIInterfaceOrientationPortrait UIInterfaceOrientationPortraitUpsideDown";
				LD_RUNPATH_SEARCH_PATHS = (
					"$(inherited)",
					"@executable_path/Frameworks",
				);
				MARKETING_VERSION = 1.0;
				PRODUCT_BUNDLE_IDENTIFIER = com.technontechtv.IOS.TakeHomeProjectUIKit;
				PRODUCT_NAME = "$(TARGET_NAME)";
				SWIFT_EMIT_LOC_STRINGS = YES;
				SWIFT_VERSION = 5.0;
				TARGETED_DEVICE_FAMILY = "1,2";
			};
			name = Debug;
		};
		46B804E12C57ADB10091020E /* Release */ = {
			isa = XCBuildConfiguration;
			buildSettings = {
				ASSETCATALOG_COMPILER_APPICON_NAME = AppIcon;
				ASSETCATALOG_COMPILER_GLOBAL_ACCENT_COLOR_NAME = AccentColor;
				CODE_SIGN_STYLE = Automatic;
				CURRENT_PROJECT_VERSION = 1;
				GENERATE_INFOPLIST_FILE = YES;
				INFOPLIST_FILE = TakeHomeProjectUIKit/Info.plist;
				INFOPLIST_KEY_UIApplicationSupportsIndirectInputEvents = YES;
				INFOPLIST_KEY_UILaunchStoryboardName = LaunchScreen;
				INFOPLIST_KEY_UISupportedInterfaceOrientations = "UIInterfaceOrientationLandscapeLeft UIInterfaceOrientationLandscapeRight UIInterfaceOrientationPortrait";
				INFOPLIST_KEY_UISupportedInterfaceOrientations_iPad = "UIInterfaceOrientationPortrait UIInterfaceOrientationPortraitUpsideDown";
				LD_RUNPATH_SEARCH_PATHS = (
					"$(inherited)",
					"@executable_path/Frameworks",
				);
				MARKETING_VERSION = 1.0;
				PRODUCT_BUNDLE_IDENTIFIER = com.technontechtv.IOS.TakeHomeProjectUIKit;
				PRODUCT_NAME = "$(TARGET_NAME)";
				SWIFT_EMIT_LOC_STRINGS = YES;
				SWIFT_VERSION = 5.0;
				TARGETED_DEVICE_FAMILY = "1,2";
			};
			name = Release;
		};
/* End XCBuildConfiguration section */

/* Begin XCConfigurationList section */
		46B804C62C57ADB00091020E /* Build configuration list for PBXProject "TakeHomeProjectUIKit" */ = {
			isa = XCConfigurationList;
			buildConfigurations = (
				46B804DD2C57ADB10091020E /* Debug */,
				46B804DE2C57ADB10091020E /* Release */,
			);
			defaultConfigurationIsVisible = 0;
			defaultConfigurationName = Release;
		};
		46B804DF2C57ADB10091020E /* Build configuration list for PBXNativeTarget "TakeHomeProjectUIKit" */ = {
			isa = XCConfigurationList;
			buildConfigurations = (
				46B804E02C57ADB10091020E /* Debug */,
				46B804E12C57ADB10091020E /* Release */,
			);
			defaultConfigurationIsVisible = 0;
			defaultConfigurationName = Release;
		};
/* End XCConfigurationList section */
	};
	rootObject = 46B804C32C57ADB00091020E /* Project object */;
}
